
Microsoft Visual Studio Solution File, Format Version 12.00
# Visual Studio 15
VisualStudioVersion = 15.0.28307.106
MinimumVisualStudioVersion = 10.0.40219.1
Project("{8BC9CEB8-8B4A-11D0-8D11-00A0C91BC942}") = "Task3", "Task3\Task3.vcxproj", "{E74A1C08-A16C-4740-AB6A-6A8D2B976A34}"
EndProject
Project("{8BC9CEB8-8B4A-11D0-8D11-00A0C91BC942}") = "Tests", "Task3\tests\Tests\Tests.vcxproj", "{E2192B21-4C69-44E4-97F2-7D3DBE01CEBE}"
EndProject
Global
	GlobalSection(SolutionConfigurationPlatforms) = preSolution
		Debug|x64 = Debug|x64
		Debug|x86 = Debug|x86
		Release|x64 = Release|x64
		Release|x86 = Release|x86
	EndGlobalSection
	GlobalSection(ProjectConfigurationPlatforms) = postSolution
		{E74A1C08-A16C-4740-AB6A-6A8D2B976A34}.Debug|x64.ActiveCfg = Debug|x64
		{E74A1C08-A16C-4740-AB6A-6A8D2B976A34}.Debug|x64.Build.0 = Debug|x64
		{E74A1C08-A16C-4740-AB6A-6A8D2B976A34}.Debug|x86.ActiveCfg = Debug|Win32
		{E74A1C08-A16C-4740-AB6A-6A8D2B976A34}.Debug|x86.Build.0 = Debug|Win32
		{E74A1C08-A16C-4740-AB6A-6A8D2B976A34}.Release|x64.ActiveCfg = Release|x64
		{E74A1C08-A16C-4740-AB6A-6A8D2B976A34}.Release|x64.Build.0 = Release|x64
		{E74A1C08-A16C-4740-AB6A-6A8D2B976A34}.Release|x86.ActiveCfg = Release|Win32
		{E74A1C08-A16C-4740-AB6A-6A8D2B976A34}.Release|x86.Build.0 = Release|Win32
		{E2192B21-4C69-44E4-97F2-7D3DBE01CEBE}.Debug|x64.ActiveCfg = Debug|x64
		{E2192B21-4C69-44E4-97F2-7D3DBE01CEBE}.Debug|x64.Build.0 = Debug|x64
		{E2192B21-4C69-44E4-97F2-7D3DBE01CEBE}.Debug|x86.ActiveCfg = Debug|Win32
		{E2192B21-4C69-44E4-97F2-7D3DBE01CEBE}.Debug|x86.Build.0 = Debug|Win32
		{E2192B21-4C69-44E4-97F2-7D3DBE01CEBE}.Release|x64.ActiveCfg = Release|x64
		{E2192B21-4C69-44E4-97F2-7D3DBE01CEBE}.Release|x64.Build.0 = Release|x64
		{E2192B21-4C69-44E4-97F2-7D3DBE01CEBE}.Release|x86.ActiveCfg = Release|Win32
		{E2192B21-4C69-44E4-97F2-7D3DBE01CEBE}.Release|x86.Build.0 = Release|Win32
	EndGlobalSection
	GlobalSection(SolutionProperties) = preSolution
		HideSolutionNode = FALSE
	EndGlobalSection
	GlobalSection(ExtensibilityGlobals) = postSolution
		SolutionGuid = {860388FB-7087-49EE-98B7-466B9CDC7421}
	EndGlobalSection
EndGlobal
